
Microsoft Visual Studio Solution File, Format Version 12.00
# Visual Studio Version 17
VisualStudioVersion = 17.1.32210.238
MinimumVisualStudioVersion = 10.0.40219.1
Project("{FAE04EC0-301F-11D3-BF4B-00C04F79EFBC}") = "Client", "Client\Client.csproj", "{BA597C40-4CBC-42AE-89F5-B3B0EF8710E3}"
EndProject
Global
	GlobalSection(SolutionConfigurationPlatforms) = preSolution
		Debug|Any CPU = Debug|Any CPU
		Release|Any CPU = Release|Any CPU
	EndGlobalSection
	GlobalSection(ProjectConfigurationPlatforms) = postSolution
		{BA597C40-4CBC-42AE-89F5-B3B0EF8710E3}.Debug|Any CPU.ActiveCfg = Debug|Any CPU
		{BA597C40-4CBC-42AE-89F5-B3B0EF8710E3}.Debug|Any CPU.Build.0 = Debug|Any CPU
		{BA597C40-4CBC-42AE-89F5-B3B0EF8710E3}.Release|Any CPU.ActiveCfg = Release|Any CPU
		{BA597C40-4CBC-42AE-89F5-B3B0EF8710E3}.Release|Any CPU.Build.0 = Release|Any CPU
	EndGlobalSection
	GlobalSection(SolutionProperties) = preSolution
		HideSolutionNode = FALSE
	EndGlobalSection
	GlobalSection(ExtensibilityGlobals) = postSolution
		SolutionGuid = {4E3B21AF-EA8D-434E-98A8-C36EE6DD8701}
	EndGlobalSection
EndGlobal
